
Microsoft Visual Studio Solution File, Format Version 12.00
# Visual Studio Version 17
VisualStudioVersion = 17.6.33815.320
MinimumVisualStudioVersion = 10.0.40219.1
Project("{FAE04EC0-301F-11D3-BF4B-00C04F79EFBC}") = "LavantellAPIS", "LavantellAPIS\LavantellAPIS.csproj", "{95292996-28DA-41CF-8086-6F8F7EF3223C}"
EndProject
Global
	GlobalSection(SolutionConfigurationPlatforms) = preSolution
		Debug|Any CPU = Debug|Any CPU
		Release|Any CPU = Release|Any CPU
	EndGlobalSection
	GlobalSection(ProjectConfigurationPlatforms) = postSolution
		{95292996-28DA-41CF-8086-6F8F7EF3223C}.Debug|Any CPU.ActiveCfg = Debug|Any CPU
		{95292996-28DA-41CF-8086-6F8F7EF3223C}.Debug|Any CPU.Build.0 = Debug|Any CPU
		{95292996-28DA-41CF-8086-6F8F7EF3223C}.Release|Any CPU.ActiveCfg = Release|Any CPU
		{95292996-28DA-41CF-8086-6F8F7EF3223C}.Release|Any CPU.Build.0 = Release|Any CPU
	EndGlobalSection
	GlobalSection(SolutionProperties) = preSolution
		HideSolutionNode = FALSE
	EndGlobalSection
	GlobalSection(ExtensibilityGlobals) = postSolution
		SolutionGuid = {7A0465D3-E617-4DD8-A618-3CA0C040098E}
	EndGlobalSection
EndGlobal
